
Microsoft Visual Studio Solution File, Format Version 11.00
# Visual Studio 2010
Project("{FAE04EC0-301F-11D3-BF4B-00C04F79EFBC}") = "TestTask.UI.Droid", "TestTask.UI.Droid\TestTask.UI.Droid.csproj", "{4AF054E2-7BD1-4A99-86FC-8AE660581AE7}"
EndProject
Project("{FAE04EC0-301F-11D3-BF4B-00C04F79EFBC}") = "TestTask.UI.Touch", "TestTask.UI.Touch\TestTask.UI.Touch.csproj", "{165BBBE6-E9AF-450D-86E5-5C5CD081E56E}"
EndProject
Project("{FAE04EC0-301F-11D3-BF4B-00C04F79EFBC}") = "TestTask.Core", "TestTask.Core\TestTask.Core.csproj", "{E0AA34F8-91EE-4F95-9E24-69C36614729F}"
EndProject
Project("{2150E333-8FDC-42A3-9474-1A3956D46DE8}") = "Plugins", "Plugins", "{F4E2E6CB-CCF9-4B39-8411-6E0C639450BC}"
EndProject
Project("{2150E333-8FDC-42A3-9474-1A3956D46DE8}") = "Contacts", "Contacts", "{5DE5FF28-56B9-4289-BF3E-93C80953A543}"
EndProject
Project("{FAE04EC0-301F-11D3-BF4B-00C04F79EFBC}") = "TestTask.Plugins.Contacts", "TestTask.Plugins.Contacts\TestTask.Plugins.Contacts.csproj", "{17344FED-E948-4AE8-9217-AFCBC9394608}"
EndProject
Project("{FAE04EC0-301F-11D3-BF4B-00C04F79EFBC}") = "TestTask.Plugins.Contacts.Droid", "TestTask.Plugins.Contacts\TestTask.Plugins.Contacts.Droid\TestTask.Plugins.Contacts.Droid.csproj", "{C00D3B9C-EF99-4238-B456-4F3F3DFEF782}"
EndProject
Project("{FAE04EC0-301F-11D3-BF4B-00C04F79EFBC}") = "TestTask.Plugins.Contacts.Touch", "TestTask.Plugins.Contacts\TestTask.Plugins.Contacts.Touch\TestTask.Plugins.Contacts.Touch.csproj", "{2BF49123-B9CE-4577-8659-E03433379434}"
EndProject
Project("{2150E333-8FDC-42A3-9474-1A3956D46DE8}") = "Pictures", "Pictures", "{C510678D-41C3-49A1-B0AA-FA3169311BE7}"
EndProject
Project("{FAE04EC0-301F-11D3-BF4B-00C04F79EFBC}") = "TestTask.Plugins.Pictures", "TestTask.Plugins.Pictures\TestTask.Plugins.Pictures\TestTask.Plugins.Pictures.csproj", "{658DDC59-E906-4E6A-9298-7226F20FF20C}"
EndProject
Project("{FAE04EC0-301F-11D3-BF4B-00C04F79EFBC}") = "TestTask.Plugins.Pictures.Droid", "TestTask.Plugins.Pictures\TestTask.Plugins.Pictures\TestTask.Plugins.Pictures.Droid\TestTask.Plugins.Pictures.Droid.csproj", "{E915132A-49B0-462E-8EAE-21E59CE3B6BE}"
EndProject
Project("{FAE04EC0-301F-11D3-BF4B-00C04F79EFBC}") = "TestTask.Plugins.Pictures.Touch", "TestTask.Plugins.Pictures\TestTask.Plugins.Pictures\TestTask.Plugins.Pictures.Touch\TestTask.Plugins.Pictures.Touch.csproj", "{240E48DD-568B-4D00-98AD-0C48A3585813}"
EndProject
Project("{2150E333-8FDC-42A3-9474-1A3956D46DE8}") = "Notifications", "Notifications", "{5295E8F5-7503-4606-95F2-C7424BBFBC81}"
EndProject
Project("{FAE04EC0-301F-11D3-BF4B-00C04F79EFBC}") = "TestTask.Plugins.Notifications", "TestTask.Plugins.Notifications\TestTask.Plugins.Notifications.csproj", "{90494AE2-1151-40CB-B264-EE90E96F40AC}"
EndProject
Project("{FAE04EC0-301F-11D3-BF4B-00C04F79EFBC}") = "TestTask.Plugins.Notifications.Droid", "TestTask.Plugins.Notifications\TestTask.Plugins.Notifications.Droid\TestTask.Plugins.Notifications.Droid.csproj", "{EE7F7EA7-0345-478C-9DDC-BE36D37B25CE}"
EndProject
Project("{FAE04EC0-301F-11D3-BF4B-00C04F79EFBC}") = "TestTask.Plugins.Notifications.Touch", "TestTask.Plugins.Notifications\TestTask.Plugins.Notifications.Touch\TestTask.Plugins.Notifications.Touch.csproj", "{1BD95A7F-4B17-41FC-94A2-F3D3939CB4FF}"
EndProject
Project("{FAE04EC0-301F-11D3-BF4B-00C04F79EFBC}") = "TestTask.DT", "TestTask.DT\TestTask.DT.csproj", "{F0261EF3-7028-4D7F-9F4D-7705719CF0A8}"
EndProject
Global
	GlobalSection(SolutionConfigurationPlatforms) = preSolution
		Debug|Any CPU = Debug|Any CPU
		Release|Any CPU = Release|Any CPU
		Debug|iPhoneSimulator = Debug|iPhoneSimulator
		Release|iPhoneSimulator = Release|iPhoneSimulator
		Debug|iPhone = Debug|iPhone
		Release|iPhone = Release|iPhone
	EndGlobalSection
	GlobalSection(ProjectConfigurationPlatforms) = postSolution
		{165BBBE6-E9AF-450D-86E5-5C5CD081E56E}.Debug|Any CPU.ActiveCfg = Debug|iPhoneSimulator
		{165BBBE6-E9AF-450D-86E5-5C5CD081E56E}.Debug|Any CPU.Build.0 = Debug|iPhoneSimulator
		{165BBBE6-E9AF-450D-86E5-5C5CD081E56E}.Debug|iPhone.ActiveCfg = Debug|iPhone
		{165BBBE6-E9AF-450D-86E5-5C5CD081E56E}.Debug|iPhone.Build.0 = Debug|iPhone
		{165BBBE6-E9AF-450D-86E5-5C5CD081E56E}.Debug|iPhoneSimulator.ActiveCfg = Debug|iPhoneSimulator
		{165BBBE6-E9AF-450D-86E5-5C5CD081E56E}.Debug|iPhoneSimulator.Build.0 = Debug|iPhoneSimulator
		{165BBBE6-E9AF-450D-86E5-5C5CD081E56E}.Release|Any CPU.ActiveCfg = Release|iPhoneSimulator
		{165BBBE6-E9AF-450D-86E5-5C5CD081E56E}.Release|Any CPU.Build.0 = Release|iPhoneSimulator
		{165BBBE6-E9AF-450D-86E5-5C5CD081E56E}.Release|iPhone.ActiveCfg = Release|iPhone
		{165BBBE6-E9AF-450D-86E5-5C5CD081E56E}.Release|iPhone.Build.0 = Release|iPhone
		{165BBBE6-E9AF-450D-86E5-5C5CD081E56E}.Release|iPhoneSimulator.ActiveCfg = Release|iPhoneSimulator
		{165BBBE6-E9AF-450D-86E5-5C5CD081E56E}.Release|iPhoneSimulator.Build.0 = Release|iPhoneSimulator
		{17344FED-E948-4AE8-9217-AFCBC9394608}.Debug|Any CPU.ActiveCfg = Debug|Any CPU
		{17344FED-E948-4AE8-9217-AFCBC9394608}.Debug|Any CPU.Build.0 = Debug|Any CPU
		{17344FED-E948-4AE8-9217-AFCBC9394608}.Debug|iPhone.ActiveCfg = Debug|Any CPU
		{17344FED-E948-4AE8-9217-AFCBC9394608}.Debug|iPhone.Build.0 = Debug|Any CPU
		{17344FED-E948-4AE8-9217-AFCBC9394608}.Debug|iPhoneSimulator.ActiveCfg = Debug|Any CPU
		{17344FED-E948-4AE8-9217-AFCBC9394608}.Debug|iPhoneSimulator.Build.0 = Debug|Any CPU
		{17344FED-E948-4AE8-9217-AFCBC9394608}.Release|Any CPU.ActiveCfg = Release|Any CPU
		{17344FED-E948-4AE8-9217-AFCBC9394608}.Release|Any CPU.Build.0 = Release|Any CPU
		{17344FED-E948-4AE8-9217-AFCBC9394608}.Release|iPhone.ActiveCfg = Release|Any CPU
		{17344FED-E948-4AE8-9217-AFCBC9394608}.Release|iPhone.Build.0 = Release|Any CPU
		{17344FED-E948-4AE8-9217-AFCBC9394608}.Release|iPhoneSimulator.ActiveCfg = Release|Any CPU
		{17344FED-E948-4AE8-9217-AFCBC9394608}.Release|iPhoneSimulator.Build.0 = Release|Any CPU
		{1BD95A7F-4B17-41FC-94A2-F3D3939CB4FF}.Debug|Any CPU.ActiveCfg = Debug|Any CPU
		{1BD95A7F-4B17-41FC-94A2-F3D3939CB4FF}.Debug|Any CPU.Build.0 = Debug|Any CPU
		{1BD95A7F-4B17-41FC-94A2-F3D3939CB4FF}.Debug|iPhone.ActiveCfg = Debug|Any CPU
		{1BD95A7F-4B17-41FC-94A2-F3D3939CB4FF}.Debug|iPhone.Build.0 = Debug|Any CPU
		{1BD95A7F-4B17-41FC-94A2-F3D3939CB4FF}.Debug|iPhoneSimulator.ActiveCfg = Debug|Any CPU
		{1BD95A7F-4B17-41FC-94A2-F3D3939CB4FF}.Debug|iPhoneSimulator.Build.0 = Debug|Any CPU
		{1BD95A7F-4B17-41FC-94A2-F3D3939CB4FF}.Release|Any CPU.ActiveCfg = Release|Any CPU
		{1BD95A7F-4B17-41FC-94A2-F3D3939CB4FF}.Release|Any CPU.Build.0 = Release|Any CPU
		{1BD95A7F-4B17-41FC-94A2-F3D3939CB4FF}.Release|iPhone.ActiveCfg = Release|Any CPU
		{1BD95A7F-4B17-41FC-94A2-F3D3939CB4FF}.Release|iPhone.Build.0 = Release|Any CPU
		{1BD95A7F-4B17-41FC-94A2-F3D3939CB4FF}.Release|iPhoneSimulator.ActiveCfg = Release|Any CPU
		{1BD95A7F-4B17-41FC-94A2-F3D3939CB4FF}.Release|iPhoneSimulator.Build.0 = Release|Any CPU
		{240E48DD-568B-4D00-98AD-0C48A3585813}.Debug|Any CPU.ActiveCfg = Debug|Any CPU
		{240E48DD-568B-4D00-98AD-0C48A3585813}.Debug|Any CPU.Build.0 = Debug|Any CPU
		{240E48DD-568B-4D00-98AD-0C48A3585813}.Debug|iPhone.ActiveCfg = Debug|Any CPU
		{240E48DD-568B-4D00-98AD-0C48A3585813}.Debug|iPhone.Build.0 = Debug|Any CPU
		{240E48DD-568B-4D00-98AD-0C48A3585813}.Debug|iPhoneSimulator.ActiveCfg = Debug|Any CPU
		{240E48DD-568B-4D00-98AD-0C48A3585813}.Debug|iPhoneSimulator.Build.0 = Debug|Any CPU
		{240E48DD-568B-4D00-98AD-0C48A3585813}.Release|Any CPU.ActiveCfg = Release|Any CPU
		{240E48DD-568B-4D00-98AD-0C48A3585813}.Release|Any CPU.Build.0 = Release|Any CPU
		{240E48DD-568B-4D00-98AD-0C48A3585813}.Release|iPhone.ActiveCfg = Release|Any CPU
		{240E48DD-568B-4D00-98AD-0C48A3585813}.Release|iPhone.Build.0 = Release|Any CPU
		{240E48DD-568B-4D00-98AD-0C48A3585813}.Release|iPhoneSimulator.ActiveCfg = Release|Any CPU
		{240E48DD-568B-4D00-98AD-0C48A3585813}.Release|iPhoneSimulator.Build.0 = Release|Any CPU
		{2BF49123-B9CE-4577-8659-E03433379434}.Debug|Any CPU.ActiveCfg = Debug|iPhoneSimulator
		{2BF49123-B9CE-4577-8659-E03433379434}.Debug|Any CPU.Build.0 = Debug|iPhoneSimulator
		{2BF49123-B9CE-4577-8659-E03433379434}.Debug|iPhone.ActiveCfg = Debug|iPhone
		{2BF49123-B9CE-4577-8659-E03433379434}.Debug|iPhone.Build.0 = Debug|iPhone
		{2BF49123-B9CE-4577-8659-E03433379434}.Debug|iPhoneSimulator.ActiveCfg = Debug|iPhoneSimulator
		{2BF49123-B9CE-4577-8659-E03433379434}.Debug|iPhoneSimulator.Build.0 = Debug|iPhoneSimulator
		{2BF49123-B9CE-4577-8659-E03433379434}.Release|Any CPU.ActiveCfg = Release|iPhoneSimulator
		{2BF49123-B9CE-4577-8659-E03433379434}.Release|Any CPU.Build.0 = Release|iPhoneSimulator
		{2BF49123-B9CE-4577-8659-E03433379434}.Release|iPhone.ActiveCfg = Release|iPhone
		{2BF49123-B9CE-4577-8659-E03433379434}.Release|iPhone.Build.0 = Release|iPhone
		{2BF49123-B9CE-4577-8659-E03433379434}.Release|iPhoneSimulator.ActiveCfg = Release|iPhoneSimulator
		{2BF49123-B9CE-4577-8659-E03433379434}.Release|iPhoneSimulator.Build.0 = Release|iPhoneSimulator
		{4AF054E2-7BD1-4A99-86FC-8AE660581AE7}.Debug|Any CPU.ActiveCfg = Debug|Any CPU
		{4AF054E2-7BD1-4A99-86FC-8AE660581AE7}.Debug|Any CPU.Build.0 = Debug|Any CPU
		{4AF054E2-7BD1-4A99-86FC-8AE660581AE7}.Debug|iPhone.ActiveCfg = Debug|Any CPU
		{4AF054E2-7BD1-4A99-86FC-8AE660581AE7}.Debug|iPhone.Build.0 = Debug|Any CPU
		{4AF054E2-7BD1-4A99-86FC-8AE660581AE7}.Debug|iPhoneSimulator.ActiveCfg = Debug|Any CPU
		{4AF054E2-7BD1-4A99-86FC-8AE660581AE7}.Debug|iPhoneSimulator.Build.0 = Debug|Any CPU
		{4AF054E2-7BD1-4A99-86FC-8AE660581AE7}.Release|Any CPU.ActiveCfg = Release|Any CPU
		{4AF054E2-7BD1-4A99-86FC-8AE660581AE7}.Release|Any CPU.Build.0 = Release|Any CPU
		{4AF054E2-7BD1-4A99-86FC-8AE660581AE7}.Release|iPhone.ActiveCfg = Release|Any CPU
		{4AF054E2-7BD1-4A99-86FC-8AE660581AE7}.Release|iPhone.Build.0 = Release|Any CPU
		{4AF054E2-7BD1-4A99-86FC-8AE660581AE7}.Release|iPhoneSimulator.ActiveCfg = Release|Any CPU
		{4AF054E2-7BD1-4A99-86FC-8AE660581AE7}.Release|iPhoneSimulator.Build.0 = Release|Any CPU
		{658DDC59-E906-4E6A-9298-7226F20FF20C}.Debug|Any CPU.ActiveCfg = Debug|Any CPU
		{658DDC59-E906-4E6A-9298-7226F20FF20C}.Debug|Any CPU.Build.0 = Debug|Any CPU
		{658DDC59-E906-4E6A-9298-7226F20FF20C}.Debug|iPhone.ActiveCfg = Debug|Any CPU
		{658DDC59-E906-4E6A-9298-7226F20FF20C}.Debug|iPhone.Build.0 = Debug|Any CPU
		{658DDC59-E906-4E6A-9298-7226F20FF20C}.Debug|iPhoneSimulator.ActiveCfg = Debug|Any CPU
		{658DDC59-E906-4E6A-9298-7226F20FF20C}.Debug|iPhoneSimulator.Build.0 = Debug|Any CPU
		{658DDC59-E906-4E6A-9298-7226F20FF20C}.Release|Any CPU.ActiveCfg = Release|Any CPU
		{658DDC59-E906-4E6A-9298-7226F20FF20C}.Release|Any CPU.Build.0 = Release|Any CPU
		{658DDC59-E906-4E6A-9298-7226F20FF20C}.Release|iPhone.ActiveCfg = Release|Any CPU
		{658DDC59-E906-4E6A-9298-7226F20FF20C}.Release|iPhone.Build.0 = Release|Any CPU
		{658DDC59-E906-4E6A-9298-7226F20FF20C}.Release|iPhoneSimulator.ActiveCfg = Release|Any CPU
		{658DDC59-E906-4E6A-9298-7226F20FF20C}.Release|iPhoneSimulator.Build.0 = Release|Any CPU
		{90494AE2-1151-40CB-B264-EE90E96F40AC}.Debug|Any CPU.ActiveCfg = Debug|Any CPU
		{90494AE2-1151-40CB-B264-EE90E96F40AC}.Debug|Any CPU.Build.0 = Debug|Any CPU
		{90494AE2-1151-40CB-B264-EE90E96F40AC}.Debug|iPhone.ActiveCfg = Debug|Any CPU
		{90494AE2-1151-40CB-B264-EE90E96F40AC}.Debug|iPhone.Build.0 = Debug|Any CPU
		{90494AE2-1151-40CB-B264-EE90E96F40AC}.Debug|iPhoneSimulator.ActiveCfg = Debug|Any CPU
		{90494AE2-1151-40CB-B264-EE90E96F40AC}.Debug|iPhoneSimulator.Build.0 = Debug|Any CPU
		{90494AE2-1151-40CB-B264-EE90E96F40AC}.Release|Any CPU.ActiveCfg = Release|Any CPU
		{90494AE2-1151-40CB-B264-EE90E96F40AC}.Release|Any CPU.Build.0 = Release|Any CPU
		{90494AE2-1151-40CB-B264-EE90E96F40AC}.Release|iPhone.ActiveCfg = Release|Any CPU
		{90494AE2-1151-40CB-B264-EE90E96F40AC}.Release|iPhone.Build.0 = Release|Any CPU
		{90494AE2-1151-40CB-B264-EE90E96F40AC}.Release|iPhoneSimulator.ActiveCfg = Release|Any CPU
		{90494AE2-1151-40CB-B264-EE90E96F40AC}.Release|iPhoneSimulator.Build.0 = Release|Any CPU
		{C00D3B9C-EF99-4238-B456-4F3F3DFEF782}.Debug|Any CPU.ActiveCfg = Debug|Any CPU
		{C00D3B9C-EF99-4238-B456-4F3F3DFEF782}.Debug|Any CPU.Build.0 = Debug|Any CPU
		{C00D3B9C-EF99-4238-B456-4F3F3DFEF782}.Debug|iPhone.ActiveCfg = Debug|Any CPU
		{C00D3B9C-EF99-4238-B456-4F3F3DFEF782}.Debug|iPhone.Build.0 = Debug|Any CPU
		{C00D3B9C-EF99-4238-B456-4F3F3DFEF782}.Debug|iPhoneSimulator.ActiveCfg = Debug|Any CPU
		{C00D3B9C-EF99-4238-B456-4F3F3DFEF782}.Debug|iPhoneSimulator.Build.0 = Debug|Any CPU
		{C00D3B9C-EF99-4238-B456-4F3F3DFEF782}.Release|Any CPU.ActiveCfg = Release|Any CPU
		{C00D3B9C-EF99-4238-B456-4F3F3DFEF782}.Release|Any CPU.Build.0 = Release|Any CPU
		{C00D3B9C-EF99-4238-B456-4F3F3DFEF782}.Release|iPhone.ActiveCfg = Release|Any CPU
		{C00D3B9C-EF99-4238-B456-4F3F3DFEF782}.Release|iPhone.Build.0 = Release|Any CPU
		{C00D3B9C-EF99-4238-B456-4F3F3DFEF782}.Release|iPhoneSimulator.ActiveCfg = Release|Any CPU
		{C00D3B9C-EF99-4238-B456-4F3F3DFEF782}.Release|iPhoneSimulator.Build.0 = Release|Any CPU
		{E0AA34F8-91EE-4F95-9E24-69C36614729F}.Debug|Any CPU.ActiveCfg = Debug|Any CPU
		{E0AA34F8-91EE-4F95-9E24-69C36614729F}.Debug|Any CPU.Build.0 = Debug|Any CPU
		{E0AA34F8-91EE-4F95-9E24-69C36614729F}.Debug|iPhone.ActiveCfg = Debug|Any CPU
		{E0AA34F8-91EE-4F95-9E24-69C36614729F}.Debug|iPhone.Build.0 = Debug|Any CPU
		{E0AA34F8-91EE-4F95-9E24-69C36614729F}.Debug|iPhoneSimulator.ActiveCfg = Debug|Any CPU
		{E0AA34F8-91EE-4F95-9E24-69C36614729F}.Debug|iPhoneSimulator.Build.0 = Debug|Any CPU
		{E0AA34F8-91EE-4F95-9E24-69C36614729F}.Release|Any CPU.ActiveCfg = Release|Any CPU
		{E0AA34F8-91EE-4F95-9E24-69C36614729F}.Release|Any CPU.Build.0 = Release|Any CPU
		{E0AA34F8-91EE-4F95-9E24-69C36614729F}.Release|iPhone.ActiveCfg = Release|Any CPU
		{E0AA34F8-91EE-4F95-9E24-69C36614729F}.Release|iPhone.Build.0 = Release|Any CPU
		{E0AA34F8-91EE-4F95-9E24-69C36614729F}.Release|iPhoneSimulator.ActiveCfg = Release|Any CPU
		{E0AA34F8-91EE-4F95-9E24-69C36614729F}.Release|iPhoneSimulator.Build.0 = Release|Any CPU
		{E915132A-49B0-462E-8EAE-21E59CE3B6BE}.Debug|Any CPU.ActiveCfg = Debug|Any CPU
		{E915132A-49B0-462E-8EAE-21E59CE3B6BE}.Debug|Any CPU.Build.0 = Debug|Any CPU
		{E915132A-49B0-462E-8EAE-21E59CE3B6BE}.Debug|iPhone.ActiveCfg = Debug|Any CPU
		{E915132A-49B0-462E-8EAE-21E59CE3B6BE}.Debug|iPhone.Build.0 = Debug|Any CPU
		{E915132A-49B0-462E-8EAE-21E59CE3B6BE}.Debug|iPhoneSimulator.ActiveCfg = Debug|Any CPU
		{E915132A-49B0-462E-8EAE-21E59CE3B6BE}.Debug|iPhoneSimulator.Build.0 = Debug|Any CPU
		{E915132A-49B0-462E-8EAE-21E59CE3B6BE}.Release|Any CPU.ActiveCfg = Release|Any CPU
		{E915132A-49B0-462E-8EAE-21E59CE3B6BE}.Release|Any CPU.Build.0 = Release|Any CPU
		{E915132A-49B0-462E-8EAE-21E59CE3B6BE}.Release|iPhone.ActiveCfg = Release|Any CPU
		{E915132A-49B0-462E-8EAE-21E59CE3B6BE}.Release|iPhone.Build.0 = Release|Any CPU
		{E915132A-49B0-462E-8EAE-21E59CE3B6BE}.Release|iPhoneSimulator.ActiveCfg = Release|Any CPU
		{E915132A-49B0-462E-8EAE-21E59CE3B6BE}.Release|iPhoneSimulator.Build.0 = Release|Any CPU
		{EE7F7EA7-0345-478C-9DDC-BE36D37B25CE}.Debug|Any CPU.ActiveCfg = Debug|Any CPU
		{EE7F7EA7-0345-478C-9DDC-BE36D37B25CE}.Debug|Any CPU.Build.0 = Debug|Any CPU
		{EE7F7EA7-0345-478C-9DDC-BE36D37B25CE}.Debug|iPhone.ActiveCfg = Debug|Any CPU
		{EE7F7EA7-0345-478C-9DDC-BE36D37B25CE}.Debug|iPhone.Build.0 = Debug|Any CPU
		{EE7F7EA7-0345-478C-9DDC-BE36D37B25CE}.Debug|iPhoneSimulator.ActiveCfg = Debug|Any CPU
		{EE7F7EA7-0345-478C-9DDC-BE36D37B25CE}.Debug|iPhoneSimulator.Build.0 = Debug|Any CPU
		{EE7F7EA7-0345-478C-9DDC-BE36D37B25CE}.Release|Any CPU.ActiveCfg = Release|Any CPU
		{EE7F7EA7-0345-478C-9DDC-BE36D37B25CE}.Release|Any CPU.Build.0 = Release|Any CPU
		{EE7F7EA7-0345-478C-9DDC-BE36D37B25CE}.Release|iPhone.ActiveCfg = Release|Any CPU
		{EE7F7EA7-0345-478C-9DDC-BE36D37B25CE}.Release|iPhone.Build.0 = Release|Any CPU
		{EE7F7EA7-0345-478C-9DDC-BE36D37B25CE}.Release|iPhoneSimulator.ActiveCfg = Release|Any CPU
		{EE7F7EA7-0345-478C-9DDC-BE36D37B25CE}.Release|iPhoneSimulator.Build.0 = Release|Any CPU
		{F0261EF3-7028-4D7F-9F4D-7705719CF0A8}.Debug|Any CPU.ActiveCfg = Debug|Any CPU
		{F0261EF3-7028-4D7F-9F4D-7705719CF0A8}.Debug|Any CPU.Build.0 = Debug|Any CPU
		{F0261EF3-7028-4D7F-9F4D-7705719CF0A8}.Debug|iPhone.ActiveCfg = Debug|Any CPU
		{F0261EF3-7028-4D7F-9F4D-7705719CF0A8}.Debug|iPhone.Build.0 = Debug|Any CPU
		{F0261EF3-7028-4D7F-9F4D-7705719CF0A8}.Debug|iPhoneSimulator.ActiveCfg = Debug|Any CPU
		{F0261EF3-7028-4D7F-9F4D-7705719CF0A8}.Debug|iPhoneSimulator.Build.0 = Debug|Any CPU
		{F0261EF3-7028-4D7F-9F4D-7705719CF0A8}.Release|Any CPU.ActiveCfg = Release|Any CPU
		{F0261EF3-7028-4D7F-9F4D-7705719CF0A8}.Release|Any CPU.Build.0 = Release|Any CPU
		{F0261EF3-7028-4D7F-9F4D-7705719CF0A8}.Release|iPhone.ActiveCfg = Release|Any CPU
		{F0261EF3-7028-4D7F-9F4D-7705719CF0A8}.Release|iPhone.Build.0 = Release|Any CPU
		{F0261EF3-7028-4D7F-9F4D-7705719CF0A8}.Release|iPhoneSimulator.ActiveCfg = Release|Any CPU
		{F0261EF3-7028-4D7F-9F4D-7705719CF0A8}.Release|iPhoneSimulator.Build.0 = Release|Any CPU
	EndGlobalSection
	GlobalSection(NestedProjects) = preSolution
		{5DE5FF28-56B9-4289-BF3E-93C80953A543} = {F4E2E6CB-CCF9-4B39-8411-6E0C639450BC}
		{C510678D-41C3-49A1-B0AA-FA3169311BE7} = {F4E2E6CB-CCF9-4B39-8411-6E0C639450BC}
		{5295E8F5-7503-4606-95F2-C7424BBFBC81} = {F4E2E6CB-CCF9-4B39-8411-6E0C639450BC}
		{17344FED-E948-4AE8-9217-AFCBC9394608} = {5DE5FF28-56B9-4289-BF3E-93C80953A543}
		{C00D3B9C-EF99-4238-B456-4F3F3DFEF782} = {5DE5FF28-56B9-4289-BF3E-93C80953A543}
		{2BF49123-B9CE-4577-8659-E03433379434} = {5DE5FF28-56B9-4289-BF3E-93C80953A543}
		{658DDC59-E906-4E6A-9298-7226F20FF20C} = {C510678D-41C3-49A1-B0AA-FA3169311BE7}
		{E915132A-49B0-462E-8EAE-21E59CE3B6BE} = {C510678D-41C3-49A1-B0AA-FA3169311BE7}
		{240E48DD-568B-4D00-98AD-0C48A3585813} = {C510678D-41C3-49A1-B0AA-FA3169311BE7}
		{90494AE2-1151-40CB-B264-EE90E96F40AC} = {5295E8F5-7503-4606-95F2-C7424BBFBC81}
		{EE7F7EA7-0345-478C-9DDC-BE36D37B25CE} = {5295E8F5-7503-4606-95F2-C7424BBFBC81}
		{1BD95A7F-4B17-41FC-94A2-F3D3939CB4FF} = {5295E8F5-7503-4606-95F2-C7424BBFBC81}
	EndGlobalSection
	GlobalSection(MonoDevelopProperties) = preSolution
		StartupItem = TestTask.UI.Droid\TestTask.UI.Droid.csproj
		Policies = $0
		$0.DotNetNamingPolicy = $1
		$1.DirectoryNamespaceAssociation = None
		$1.ResourceNamePolicy = FileFormatDefault
		$0.StandardHeader = $2
		$2.Text = 
		$2.IncludeInNewFiles = True
		$0.NameConventionPolicy = $3
		$3.Rules = $4
		$4.NamingRule = $5
		$5.Name = Namespaces
		$5.AffectedEntity = Namespace
		$5.VisibilityMask = VisibilityMask
		$5.NamingStyle = PascalCase
		$5.IncludeInstanceMembers = True
		$5.IncludeStaticEntities = True
		$4.NamingRule = $6
		$6.Name = Types
		$6.AffectedEntity = Class, Struct, Enum, Delegate
		$6.VisibilityMask = Public
		$6.NamingStyle = PascalCase
		$6.IncludeInstanceMembers = True
		$6.IncludeStaticEntities = True
		$4.NamingRule = $7
		$7.Name = Interfaces
		$7.RequiredPrefixes = $8
		$8.String = I
		$7.AffectedEntity = Interface
		$7.VisibilityMask = Public
		$7.NamingStyle = PascalCase
		$7.IncludeInstanceMembers = True
		$7.IncludeStaticEntities = True
		$4.NamingRule = $9
		$9.Name = Attributes
		$9.RequiredSuffixes = $10
		$10.String = Attribute
		$9.AffectedEntity = CustomAttributes
		$9.VisibilityMask = Public
		$9.NamingStyle = PascalCase
		$9.IncludeInstanceMembers = True
		$9.IncludeStaticEntities = True
		$4.NamingRule = $11
		$11.Name = Event Arguments
		$11.RequiredSuffixes = $12
		$12.String = EventArgs
		$11.AffectedEntity = CustomEventArgs
		$11.VisibilityMask = Public
		$11.NamingStyle = PascalCase
		$11.IncludeInstanceMembers = True
		$11.IncludeStaticEntities = True
		$4.NamingRule = $13
		$13.Name = Exceptions
		$13.RequiredSuffixes = $14
		$14.String = Exception
		$13.AffectedEntity = CustomExceptions
		$13.VisibilityMask = VisibilityMask
		$13.NamingStyle = PascalCase
		$13.IncludeInstanceMembers = True
		$13.IncludeStaticEntities = True
		$4.NamingRule = $15
		$15.Name = Methods
		$15.AffectedEntity = Methods
		$15.VisibilityMask = Protected, Public
		$15.NamingStyle = PascalCase
		$15.IncludeInstanceMembers = True
		$15.IncludeStaticEntities = True
		$4.NamingRule = $16
		$16.Name = Static Readonly Fields
		$16.AffectedEntity = ReadonlyField
		$16.VisibilityMask = Protected, Public
		$16.NamingStyle = PascalCase
		$16.IncludeInstanceMembers = False
		$16.IncludeStaticEntities = True
		$4.NamingRule = $17
		$17.Name = Fields
		$17.AffectedEntity = Field
		$17.VisibilityMask = Protected, Public
		$17.NamingStyle = PascalCase
		$17.IncludeInstanceMembers = True
		$17.IncludeStaticEntities = True
		$4.NamingRule = $18
		$18.Name = ReadOnly Fields
		$18.AffectedEntity = ReadonlyField
		$18.VisibilityMask = Protected, Public
		$18.NamingStyle = PascalCase
		$18.IncludeInstanceMembers = True
		$18.IncludeStaticEntities = False
		$4.NamingRule = $19
		$19.Name = Constant Fields
		$19.AffectedEntity = ConstantField
		$19.VisibilityMask = Protected, Public
		$19.NamingStyle = PascalCase
		$19.IncludeInstanceMembers = True
		$19.IncludeStaticEntities = True
		$4.NamingRule = $20
		$20.Name = Properties
		$20.AffectedEntity = Property
		$20.VisibilityMask = Protected, Public
		$20.NamingStyle = PascalCase
		$20.IncludeInstanceMembers = True
		$20.IncludeStaticEntities = True
		$4.NamingRule = $21
		$21.Name = Events
		$21.AffectedEntity = Event
		$21.VisibilityMask = Protected, Public
		$21.NamingStyle = PascalCase
		$21.IncludeInstanceMembers = True
		$21.IncludeStaticEntities = True
		$4.NamingRule = $22
		$22.Name = Enum Members
		$22.AffectedEntity = EnumMember
		$22.VisibilityMask = VisibilityMask
		$22.NamingStyle = PascalCase
		$22.IncludeInstanceMembers = True
		$22.IncludeStaticEntities = True
		$4.NamingRule = $23
		$23.Name = Parameters
		$23.AffectedEntity = Parameter
		$23.VisibilityMask = VisibilityMask
		$23.NamingStyle = CamelCase
		$23.IncludeInstanceMembers = True
		$23.IncludeStaticEntities = True
		$4.NamingRule = $24
		$24.Name = Type Parameters
		$24.RequiredPrefixes = $25
		$25.String = T
		$24.AffectedEntity = TypeParameter
		$24.VisibilityMask = VisibilityMask
		$24.NamingStyle = PascalCase
		$24.IncludeInstanceMembers = True
		$24.IncludeStaticEntities = True
	EndGlobalSection
EndGlobal
